// !$*UTF8*$!
{
	archiveVersion = 1;
	classes = {
	};
	objectVersion = 56;
	objects = {

/* Begin PBXBuildFile section */
		142DEAA12DDD0F1800BDE65A /* TabButtons.swift in Sources */ = {isa = PBXBuildFile; fileRef = 142DEAA02DDD0F1800BDE65A /* TabButtons.swift */; };
		1435F91B2DCA062200FC012D /* FontSizeWithWeight.swift in Sources */ = {isa = PBXBuildFile; fileRef = 1435F91A2DCA062200FC012D /* FontSizeWithWeight.swift */; };
		1435F91D2DCA067500FC012D /* FontWithLineHeight.swift in Sources */ = {isa = PBXBuildFile; fileRef = 1435F91C2DCA067500FC012D /* FontWithLineHeight.swift */; };
		1435F91F2DCA24BB00FC012D /* Signup.swift in Sources */ = {isa = PBXBuildFile; fileRef = 1435F91E2DCA24BB00FC012D /* Signup.swift */; };
		1435F9212DCA406300FC012D /* CheckBoxView.swift in Sources */ = {isa = PBXBuildFile; fileRef = 1435F9202DCA406300FC012D /* CheckBoxView.swift */; };
		1435F9232DCA42D800FC012D /* RadioBoxView.swift in Sources */ = {isa = PBXBuildFile; fileRef = 1435F9222DCA42D800FC012D /* RadioBoxView.swift */; };
		1435F9252DCA5A7800FC012D /* HomeView.swift in Sources */ = {isa = PBXBuildFile; fileRef = 1435F9242DCA5A7800FC012D /* HomeView.swift */; };
		1440C48F2DE64D5F00F35B64 /* PreviewData.swift in Sources */ = {isa = PBXBuildFile; fileRef = 1440C48E2DE64D5F00F35B64 /* PreviewData.swift */; };
		144C2C212DF318D100E604C3 /* ViewExt.swift in Sources */ = {isa = PBXBuildFile; fileRef = 144C2C202DF318D100E604C3 /* ViewExt.swift */; };
		144C2C232DF3311C00E604C3 /* OffsetKey.swift in Sources */ = {isa = PBXBuildFile; fileRef = 144C2C222DF3311C00E604C3 /* OffsetKey.swift */; };
		1456EB862DF556870014182C /* GoogleService-Info.plist in Resources */ = {isa = PBXBuildFile; fileRef = 1456EB852DF556870014182C /* GoogleService-Info.plist */; };
		1458D8CD2DD5E0FD00CD4A48 /* NewTask.swift in Sources */ = {isa = PBXBuildFile; fileRef = 1458D8CC2DD5E0FD00CD4A48 /* NewTask.swift */; };
		1458D8CF2DD5E1CD00CD4A48 /* NewTasKModel.swift in Sources */ = {isa = PBXBuildFile; fileRef = 1458D8CE2DD5E1CD00CD4A48 /* NewTasKModel.swift */; };
		1458D8D12DD6141B00CD4A48 /* NotificationView.swift in Sources */ = {isa = PBXBuildFile; fileRef = 1458D8D02DD6141B00CD4A48 /* NotificationView.swift */; };
		1458D8D32DD6175500CD4A48 /* Notification.swift in Sources */ = {isa = PBXBuildFile; fileRef = 1458D8D22DD6175500CD4A48 /* Notification.swift */; };
		1458D8D52DD617CD00CD4A48 /* NotificationModel.swift in Sources */ = {isa = PBXBuildFile; fileRef = 1458D8D42DD617CD00CD4A48 /* NotificationModel.swift */; };
		14606EEE2DD9E56D00FCDE00 /* MainView.swift in Sources */ = {isa = PBXBuildFile; fileRef = 14606EED2DD9E56D00FCDE00 /* MainView.swift */; };
		1471685B2DCCA06B00C94582 /* FontFamily.swift in Sources */ = {isa = PBXBuildFile; fileRef = 1471685A2DCCA06B00C94582 /* FontFamily.swift */; };
		1475F2CA2DE5EBA900F101CA /* ChatPerson.swift in Sources */ = {isa = PBXBuildFile; fileRef = 1475F2C92DE5EBA900F101CA /* ChatPerson.swift */; };
		147A5E6F2DEC6A1A0061522F /* NewTaskViewModel.swift in Sources */ = {isa = PBXBuildFile; fileRef = 147A5E6E2DEC6A1A0061522F /* NewTaskViewModel.swift */; };
		1481CF372DDB671A001A1CAA /* UserDefaults.swift in Sources */ = {isa = PBXBuildFile; fileRef = 1481CF362DDB671A001A1CAA /* UserDefaults.swift */; };
		1481CF392DDB6BED001A1CAA /* ContentView.swift in Sources */ = {isa = PBXBuildFile; fileRef = 1481CF382DDB6BED001A1CAA /* ContentView.swift */; };
		1481CF3B2DDB9014001A1CAA /* SignInFormModel.swift in Sources */ = {isa = PBXBuildFile; fileRef = 1481CF3A2DDB9014001A1CAA /* SignInFormModel.swift */; };
		1481CF3D2DDB9164001A1CAA /* SignUpFormModel.swift in Sources */ = {isa = PBXBuildFile; fileRef = 1481CF3C2DDB9164001A1CAA /* SignUpFormModel.swift */; };
		1482F9AA2DE4ED2F003419CB /* Task.swift in Sources */ = {isa = PBXBuildFile; fileRef = 1482F9A92DE4ED2F003419CB /* Task.swift */; };
		1482F9AC2DE4EDB1003419CB /* TeamMember.swift in Sources */ = {isa = PBXBuildFile; fileRef = 1482F9AB2DE4EDB1003419CB /* TeamMember.swift */; };
		1482F9AE2DE4F53F003419CB /* TaskToDo.swift in Sources */ = {isa = PBXBuildFile; fileRef = 1482F9AD2DE4F53F003419CB /* TaskToDo.swift */; };
		14A75BF82DC8CCA50014CB23 /* DayTaskApp.swift in Sources */ = {isa = PBXBuildFile; fileRef = 14A75BF72DC8CCA50014CB23 /* DayTaskApp.swift */; };
		14A75BFC2DC8CCA80014CB23 /* Assets.xcassets in Resources */ = {isa = PBXBuildFile; fileRef = 14A75BFB2DC8CCA80014CB23 /* Assets.xcassets */; };
		14A75BFF2DC8CCA80014CB23 /* Preview Assets.xcassets in Resources */ = {isa = PBXBuildFile; fileRef = 14A75BFE2DC8CCA80014CB23 /* Preview Assets.xcassets */; };
		14A75C062DC8D4370014CB23 /* Splash.swift in Sources */ = {isa = PBXBuildFile; fileRef = 14A75C052DC8D4370014CB23 /* Splash.swift */; };
		14A75C0A2DC8E3170014CB23 /* Inter-Regular.ttf in Resources */ = {isa = PBXBuildFile; fileRef = 14A75C092DC8E3170014CB23 /* Inter-Regular.ttf */; };
		14A75C0C2DC8E3380014CB23 /* Inter-Bold.ttf in Resources */ = {isa = PBXBuildFile; fileRef = 14A75C0B2DC8E3380014CB23 /* Inter-Bold.ttf */; };
		14A75C0F2DC8E6EC0014CB23 /* PilatExtended-Bold.ttf in Resources */ = {isa = PBXBuildFile; fileRef = 14A75C0E2DC8E6EC0014CB23 /* PilatExtended-Bold.ttf */; };
		14A75C122DC902C80014CB23 /* Logo.swift in Sources */ = {isa = PBXBuildFile; fileRef = 14A75C112DC902C80014CB23 /* Logo.swift */; };
		14A75C142DC90B4D0014CB23 /* Signin.swift in Sources */ = {isa = PBXBuildFile; fileRef = 14A75C132DC90B4D0014CB23 /* Signin.swift */; };
		14A75C192DC941930014CB23 /* ButtonView.swift in Sources */ = {isa = PBXBuildFile; fileRef = 14A75C182DC941930014CB23 /* ButtonView.swift */; };
		14AEE5D22DD1EE2100720572 /* MessagesView.swift in Sources */ = {isa = PBXBuildFile; fileRef = 14AEE5D12DD1EE2100720572 /* MessagesView.swift */; };
		14AEE5D42DD1EF4600720572 /* MsgButton.swift in Sources */ = {isa = PBXBuildFile; fileRef = 14AEE5D32DD1EF4600720572 /* MsgButton.swift */; };
		14AEE5D62DD1F86900720572 /* MessageView.swift in Sources */ = {isa = PBXBuildFile; fileRef = 14AEE5D52DD1F86900720572 /* MessageView.swift */; };
		14AEE5D92DD1FE0400720572 /* Message.swift in Sources */ = {isa = PBXBuildFile; fileRef = 14AEE5D82DD1FE0400720572 /* Message.swift */; };
		14AEE5DB2DD209E800720572 /* ChatView.swift in Sources */ = {isa = PBXBuildFile; fileRef = 14AEE5DA2DD209E800720572 /* ChatView.swift */; };
		14AEE5DF2DD2145200720572 /* Chat.swift in Sources */ = {isa = PBXBuildFile; fileRef = 14AEE5DE2DD2145200720572 /* Chat.swift */; };
		14AEE5E12DD218A900720572 /* ChatItemView.swift in Sources */ = {isa = PBXBuildFile; fileRef = 14AEE5E02DD218A900720572 /* ChatItemView.swift */; };
		14AEE5E32DD369A500720572 /* MessageGroups.swift in Sources */ = {isa = PBXBuildFile; fileRef = 14AEE5E22DD369A500720572 /* MessageGroups.swift */; };
		14AEE5E52DD36A7400720572 /* Group.swift in Sources */ = {isa = PBXBuildFile; fileRef = 14AEE5E42DD36A7400720572 /* Group.swift */; };
		14AEE5E72DD37F3600720572 /* ScheduleView.swift in Sources */ = {isa = PBXBuildFile; fileRef = 14AEE5E62DD37F3600720572 /* ScheduleView.swift */; };
		14AEE5EB2DD3B72F00720572 /* TaskForDay.swift in Sources */ = {isa = PBXBuildFile; fileRef = 14AEE5EA2DD3B72F00720572 /* TaskForDay.swift */; };
		14C5F05A2DD0E89B001FB690 /* TaskDetail.swift in Sources */ = {isa = PBXBuildFile; fileRef = 14C5F0592DD0E89B001FB690 /* TaskDetail.swift */; };
		14C5F05C2DD0F5B2001FB690 /* CircularProgressView.swift in Sources */ = {isa = PBXBuildFile; fileRef = 14C5F05B2DD0F5B2001FB690 /* CircularProgressView.swift */; };
		14D763782DEF50E300AD1E2B /* DateExt.swift in Sources */ = {isa = PBXBuildFile; fileRef = 14D763772DEF50E300AD1E2B /* DateExt.swift */; };
		14DDA71F2DD74A07006B8442 /* ProfileView.swift in Sources */ = {isa = PBXBuildFile; fileRef = 14DDA71E2DD74A07006B8442 /* ProfileView.swift */; };
		14DDA7242DD785CF006B8442 /* ProfileFormModel.swift in Sources */ = {isa = PBXBuildFile; fileRef = 14DDA7232DD785CF006B8442 /* ProfileFormModel.swift */; };
/* End PBXBuildFile section */

/* Begin PBXFileReference section */
		142DEAA02DDD0F1800BDE65A /* TabButtons.swift */ = {isa = PBXFileReference; lastKnownFileType = sourcecode.swift; path = TabButtons.swift; sourceTree = "<group>"; };
		1435F91A2DCA062200FC012D /* FontSizeWithWeight.swift */ = {isa = PBXFileReference; lastKnownFileType = sourcecode.swift; path = FontSizeWithWeight.swift; sourceTree = "<group>"; };
		1435F91C2DCA067500FC012D /* FontWithLineHeight.swift */ = {isa = PBXFileReference; lastKnownFileType = sourcecode.swift; path = FontWithLineHeight.swift; sourceTree = "<group>"; };
		1435F91E2DCA24BB00FC012D /* Signup.swift */ = {isa = PBXFileReference; lastKnownFileType = sourcecode.swift; path = Signup.swift; sourceTree = "<group>"; };
		1435F9202DCA406300FC012D /* CheckBoxView.swift */ = {isa = PBXFileReference; lastKnownFileType = sourcecode.swift; path = CheckBoxView.swift; sourceTree = "<group>"; };
		1435F9222DCA42D800FC012D /* RadioBoxView.swift */ = {isa = PBXFileReference; lastKnownFileType = sourcecode.swift; path = RadioBoxView.swift; sourceTree = "<group>"; };
		1435F9242DCA5A7800FC012D /* HomeView.swift */ = {isa = PBXFileReference; lastKnownFileType = sourcecode.swift; path = HomeView.swift; sourceTree = "<group>"; };
		1440C48E2DE64D5F00F35B64 /* PreviewData.swift */ = {isa = PBXFileReference; lastKnownFileType = sourcecode.swift; path = PreviewData.swift; sourceTree = "<group>"; };
		144C2C202DF318D100E604C3 /* ViewExt.swift */ = {isa = PBXFileReference; lastKnownFileType = sourcecode.swift; path = ViewExt.swift; sourceTree = "<group>"; };
		144C2C222DF3311C00E604C3 /* OffsetKey.swift */ = {isa = PBXFileReference; lastKnownFileType = sourcecode.swift; path = OffsetKey.swift; sourceTree = "<group>"; };
		1456EB852DF556870014182C /* GoogleService-Info.plist */ = {isa = PBXFileReference; fileEncoding = 4; lastKnownFileType = text.plist.xml; path = "GoogleService-Info.plist"; sourceTree = "<group>"; };
		1458D8CC2DD5E0FD00CD4A48 /* NewTask.swift */ = {isa = PBXFileReference; lastKnownFileType = sourcecode.swift; path = NewTask.swift; sourceTree = "<group>"; };
		1458D8CE2DD5E1CD00CD4A48 /* NewTasKModel.swift */ = {isa = PBXFileReference; lastKnownFileType = sourcecode.swift; path = NewTasKModel.swift; sourceTree = "<group>"; };
		1458D8D02DD6141B00CD4A48 /* NotificationView.swift */ = {isa = PBXFileReference; lastKnownFileType = sourcecode.swift; path = NotificationView.swift; sourceTree = "<group>"; };
		1458D8D22DD6175500CD4A48 /* Notification.swift */ = {isa = PBXFileReference; lastKnownFileType = sourcecode.swift; path = Notification.swift; sourceTree = "<group>"; };
		1458D8D42DD617CD00CD4A48 /* NotificationModel.swift */ = {isa = PBXFileReference; lastKnownFileType = sourcecode.swift; path = NotificationModel.swift; sourceTree = "<group>"; };
		14606EED2DD9E56D00FCDE00 /* MainView.swift */ = {isa = PBXFileReference; lastKnownFileType = sourcecode.swift; path = MainView.swift; sourceTree = "<group>"; };
		1471685A2DCCA06B00C94582 /* FontFamily.swift */ = {isa = PBXFileReference; lastKnownFileType = sourcecode.swift; path = FontFamily.swift; sourceTree = "<group>"; };
		1475F2C92DE5EBA900F101CA /* ChatPerson.swift */ = {isa = PBXFileReference; fileEncoding = 4; lastKnownFileType = sourcecode.swift; name = ChatPerson.swift; path = DayTask/Model/ChatPerson.swift; sourceTree = SOURCE_ROOT; };
		147A5E6E2DEC6A1A0061522F /* NewTaskViewModel.swift */ = {isa = PBXFileReference; lastKnownFileType = sourcecode.swift; path = NewTaskViewModel.swift; sourceTree = "<group>"; };
		1481CF362DDB671A001A1CAA /* UserDefaults.swift */ = {isa = PBXFileReference; lastKnownFileType = sourcecode.swift; path = UserDefaults.swift; sourceTree = "<group>"; };
		1481CF382DDB6BED001A1CAA /* ContentView.swift */ = {isa = PBXFileReference; lastKnownFileType = sourcecode.swift; path = ContentView.swift; sourceTree = "<group>"; };
		1481CF3A2DDB9014001A1CAA /* SignInFormModel.swift */ = {isa = PBXFileReference; lastKnownFileType = sourcecode.swift; path = SignInFormModel.swift; sourceTree = "<group>"; };
		1481CF3C2DDB9164001A1CAA /* SignUpFormModel.swift */ = {isa = PBXFileReference; lastKnownFileType = sourcecode.swift; path = SignUpFormModel.swift; sourceTree = "<group>"; };
		1482F9A92DE4ED2F003419CB /* Task.swift */ = {isa = PBXFileReference; lastKnownFileType = sourcecode.swift; path = Task.swift; sourceTree = "<group>"; };
		1482F9AB2DE4EDB1003419CB /* TeamMember.swift */ = {isa = PBXFileReference; lastKnownFileType = sourcecode.swift; path = TeamMember.swift; sourceTree = "<group>"; };
		1482F9AD2DE4F53F003419CB /* TaskToDo.swift */ = {isa = PBXFileReference; lastKnownFileType = sourcecode.swift; path = TaskToDo.swift; sourceTree = "<group>"; };
		14A75BF42DC8CCA50014CB23 /* DayTask.app */ = {isa = PBXFileReference; explicitFileType = wrapper.application; includeInIndex = 0; path = DayTask.app; sourceTree = BUILT_PRODUCTS_DIR; };
		14A75BF72DC8CCA50014CB23 /* DayTaskApp.swift */ = {isa = PBXFileReference; lastKnownFileType = sourcecode.swift; path = DayTaskApp.swift; sourceTree = "<group>"; };
		14A75BFB2DC8CCA80014CB23 /* Assets.xcassets */ = {isa = PBXFileReference; lastKnownFileType = folder.assetcatalog; path = Assets.xcassets; sourceTree = "<group>"; };
		14A75BFE2DC8CCA80014CB23 /* Preview Assets.xcassets */ = {isa = PBXFileReference; lastKnownFileType = folder.assetcatalog; path = "Preview Assets.xcassets"; sourceTree = "<group>"; };
		14A75C052DC8D4370014CB23 /* Splash.swift */ = {isa = PBXFileReference; lastKnownFileType = sourcecode.swift; path = Splash.swift; sourceTree = "<group>"; };
		14A75C092DC8E3170014CB23 /* Inter-Regular.ttf */ = {isa = PBXFileReference; lastKnownFileType = file; path = "Inter-Regular.ttf"; sourceTree = "<group>"; };
		14A75C0B2DC8E3380014CB23 /* Inter-Bold.ttf */ = {isa = PBXFileReference; lastKnownFileType = file; path = "Inter-Bold.ttf"; sourceTree = "<group>"; };
		14A75C0D2DC8E3760014CB23 /* Info.plist */ = {isa = PBXFileReference; lastKnownFileType = text.plist; path = Info.plist; sourceTree = "<group>"; };
		14A75C0E2DC8E6EC0014CB23 /* PilatExtended-Bold.ttf */ = {isa = PBXFileReference; lastKnownFileType = file; path = "PilatExtended-Bold.ttf"; sourceTree = "<group>"; };
		14A75C112DC902C80014CB23 /* Logo.swift */ = {isa = PBXFileReference; lastKnownFileType = sourcecode.swift; path = Logo.swift; sourceTree = "<group>"; };
		14A75C132DC90B4D0014CB23 /* Signin.swift */ = {isa = PBXFileReference; lastKnownFileType = sourcecode.swift; path = Signin.swift; sourceTree = "<group>"; };
		14A75C182DC941930014CB23 /* ButtonView.swift */ = {isa = PBXFileReference; lastKnownFileType = sourcecode.swift; path = ButtonView.swift; sourceTree = "<group>"; };
		14AEE5D12DD1EE2100720572 /* MessagesView.swift */ = {isa = PBXFileReference; lastKnownFileType = sourcecode.swift; path = MessagesView.swift; sourceTree = "<group>"; };
		14AEE5D32DD1EF4600720572 /* MsgButton.swift */ = {isa = PBXFileReference; lastKnownFileType = sourcecode.swift; path = MsgButton.swift; sourceTree = "<group>"; };
		14AEE5D52DD1F86900720572 /* MessageView.swift */ = {isa = PBXFileReference; lastKnownFileType = sourcecode.swift; path = MessageView.swift; sourceTree = "<group>"; };
		14AEE5D82DD1FE0400720572 /* Message.swift */ = {isa = PBXFileReference; lastKnownFileType = sourcecode.swift; path = Message.swift; sourceTree = "<group>"; };
		14AEE5DA2DD209E800720572 /* ChatView.swift */ = {isa = PBXFileReference; lastKnownFileType = sourcecode.swift; path = ChatView.swift; sourceTree = "<group>"; };
		14AEE5DE2DD2145200720572 /* Chat.swift */ = {isa = PBXFileReference; lastKnownFileType = sourcecode.swift; path = Chat.swift; sourceTree = "<group>"; };
		14AEE5E02DD218A900720572 /* ChatItemView.swift */ = {isa = PBXFileReference; lastKnownFileType = sourcecode.swift; path = ChatItemView.swift; sourceTree = "<group>"; };
		14AEE5E22DD369A500720572 /* MessageGroups.swift */ = {isa = PBXFileReference; lastKnownFileType = sourcecode.swift; path = MessageGroups.swift; sourceTree = "<group>"; };
		14AEE5E42DD36A7400720572 /* Group.swift */ = {isa = PBXFileReference; lastKnownFileType = sourcecode.swift; path = Group.swift; sourceTree = "<group>"; };
		14AEE5E62DD37F3600720572 /* ScheduleView.swift */ = {isa = PBXFileReference; lastKnownFileType = sourcecode.swift; path = ScheduleView.swift; sourceTree = "<group>"; };
		14AEE5EA2DD3B72F00720572 /* TaskForDay.swift */ = {isa = PBXFileReference; lastKnownFileType = sourcecode.swift; path = TaskForDay.swift; sourceTree = "<group>"; };
		14C5F0592DD0E89B001FB690 /* TaskDetail.swift */ = {isa = PBXFileReference; lastKnownFileType = sourcecode.swift; path = TaskDetail.swift; sourceTree = "<group>"; };
		14C5F05B2DD0F5B2001FB690 /* CircularProgressView.swift */ = {isa = PBXFileReference; lastKnownFileType = sourcecode.swift; path = CircularProgressView.swift; sourceTree = "<group>"; };
		14D763772DEF50E300AD1E2B /* DateExt.swift */ = {isa = PBXFileReference; lastKnownFileType = sourcecode.swift; path = DateExt.swift; sourceTree = "<group>"; };
		14DDA71E2DD74A07006B8442 /* ProfileView.swift */ = {isa = PBXFileReference; lastKnownFileType = sourcecode.swift; path = ProfileView.swift; sourceTree = "<group>"; };
		14DDA7232DD785CF006B8442 /* ProfileFormModel.swift */ = {isa = PBXFileReference; lastKnownFileType = sourcecode.swift; path = ProfileFormModel.swift; sourceTree = "<group>"; };
/* End PBXFileReference section */

/* Begin PBXFrameworksBuildPhase section */
		14A75BF12DC8CCA50014CB23 /* Frameworks */ = {
			isa = PBXFrameworksBuildPhase;
			buildActionMask = 2147483647;
			files = (
			);
			runOnlyForDeploymentPostprocessing = 0;
		};
/* End PBXFrameworksBuildPhase section */

/* Begin PBXGroup section */
		14606EEC2DD9E54000FCDE00 /* View */ = {
			isa = PBXGroup;
			children = (
				14606EED2DD9E56D00FCDE00 /* MainView.swift */,
				1481CF382DDB6BED001A1CAA /* ContentView.swift */,
				14A75C132DC90B4D0014CB23 /* Signin.swift */,
				1435F91E2DCA24BB00FC012D /* Signup.swift */,
				1435F9242DCA5A7800FC012D /* HomeView.swift */,
				14C5F0592DD0E89B001FB690 /* TaskDetail.swift */,
				14AEE5E22DD369A500720572 /* MessageGroups.swift */,
				14AEE5E62DD37F3600720572 /* ScheduleView.swift */,
				1458D8CC2DD5E0FD00CD4A48 /* NewTask.swift */,
				14DDA71E2DD74A07006B8442 /* ProfileView.swift */,
				1458D8D02DD6141B00CD4A48 /* NotificationView.swift */,
				14AEE5D12DD1EE2100720572 /* MessagesView.swift */,
				14AEE5DA2DD209E800720572 /* ChatView.swift */,
				14A75C052DC8D4370014CB23 /* Splash.swift */,
			);
			path = View;
			sourceTree = "<group>";
		};
		1481CF352DDB6681001A1CAA /* Extensions */ = {
			isa = PBXGroup;
			children = (
				1481CF362DDB671A001A1CAA /* UserDefaults.swift */,
				14D763772DEF50E300AD1E2B /* DateExt.swift */,
				144C2C202DF318D100E604C3 /* ViewExt.swift */,
			);
			path = Extensions;
			sourceTree = "<group>";
		};
		14A75BEB2DC8CCA50014CB23 = {
			isa = PBXGroup;
			children = (
				14A75BF62DC8CCA50014CB23 /* DayTask */,
				14A75BF52DC8CCA50014CB23 /* Products */,
			);
			sourceTree = "<group>";
		};
		14A75BF52DC8CCA50014CB23 /* Products */ = {
			isa = PBXGroup;
			children = (
				14A75BF42DC8CCA50014CB23 /* DayTask.app */,
			);
			name = Products;
			sourceTree = "<group>";
		};
		14A75BF62DC8CCA50014CB23 /* DayTask */ = {
			isa = PBXGroup;
			children = (
				14606EEC2DD9E54000FCDE00 /* View */,
				14DDA7222DD7855E006B8442 /* ViewModel */,
				14AEE5D72DD1FDE200720572 /* Model */,
				14A75C152DC91AEB0014CB23 /* Util */,
				14A75C102DC9029C0014CB23 /* Components */,
				14A75C0D2DC8E3760014CB23 /* Info.plist */,
				1456EB852DF556870014182C /* GoogleService-Info.plist */,
				14A75C072DC8E2C90014CB23 /* Resources */,
				14A75BF72DC8CCA50014CB23 /* DayTaskApp.swift */,
				14A75BFB2DC8CCA80014CB23 /* Assets.xcassets */,
				14A75BFD2DC8CCA80014CB23 /* Preview Content */,
			);
			path = DayTask;
			sourceTree = "<group>";
		};
		14A75BFD2DC8CCA80014CB23 /* Preview Content */ = {
			isa = PBXGroup;
			children = (
				14A75BFE2DC8CCA80014CB23 /* Preview Assets.xcassets */,
			);
			path = "Preview Content";
			sourceTree = "<group>";
		};
		14A75C072DC8E2C90014CB23 /* Resources */ = {
			isa = PBXGroup;
			children = (
				1481CF352DDB6681001A1CAA /* Extensions */,
				14A75C082DC8E2D70014CB23 /* Fonts */,
			);
			path = Resources;
			sourceTree = "<group>";
		};
		14A75C082DC8E2D70014CB23 /* Fonts */ = {
			isa = PBXGroup;
			children = (
				14A75C0E2DC8E6EC0014CB23 /* PilatExtended-Bold.ttf */,
				14A75C0B2DC8E3380014CB23 /* Inter-Bold.ttf */,
				14A75C092DC8E3170014CB23 /* Inter-Regular.ttf */,
			);
			path = Fonts;
			sourceTree = "<group>";
		};
		14A75C102DC9029C0014CB23 /* Components */ = {
			isa = PBXGroup;
			children = (
				14A75C112DC902C80014CB23 /* Logo.swift */,
				1458D8D22DD6175500CD4A48 /* Notification.swift */,
				14A75C182DC941930014CB23 /* ButtonView.swift */,
				1435F9202DCA406300FC012D /* CheckBoxView.swift */,
				1435F9222DCA42D800FC012D /* RadioBoxView.swift */,
				14C5F05B2DD0F5B2001FB690 /* CircularProgressView.swift */,
				14AEE5D32DD1EF4600720572 /* MsgButton.swift */,
				14AEE5D52DD1F86900720572 /* MessageView.swift */,
				14AEE5E02DD218A900720572 /* ChatItemView.swift */,
				142DEAA02DDD0F1800BDE65A /* TabButtons.swift */,
			);
			path = Components;
			sourceTree = "<group>";
		};
		14A75C152DC91AEB0014CB23 /* Util */ = {
			isa = PBXGroup;
			children = (
				1435F91A2DCA062200FC012D /* FontSizeWithWeight.swift */,
				1471685A2DCCA06B00C94582 /* FontFamily.swift */,
				1435F91C2DCA067500FC012D /* FontWithLineHeight.swift */,
				1440C48E2DE64D5F00F35B64 /* PreviewData.swift */,
				144C2C222DF3311C00E604C3 /* OffsetKey.swift */,
			);
			path = Util;
			sourceTree = "<group>";
		};
		14AEE5D72DD1FDE200720572 /* Model */ = {
			isa = PBXGroup;
			children = (
				14AEE5D82DD1FE0400720572 /* Message.swift */,
				1458D8D42DD617CD00CD4A48 /* NotificationModel.swift */,
				1458D8CE2DD5E1CD00CD4A48 /* NewTasKModel.swift */,
				14AEE5DE2DD2145200720572 /* Chat.swift */,
				1475F2C92DE5EBA900F101CA /* ChatPerson.swift */,
				14AEE5E42DD36A7400720572 /* Group.swift */,
				14AEE5EA2DD3B72F00720572 /* TaskForDay.swift */,
				1482F9A92DE4ED2F003419CB /* Task.swift */,
				1482F9AD2DE4F53F003419CB /* TaskToDo.swift */,
				1482F9AB2DE4EDB1003419CB /* TeamMember.swift */,
			);
			path = Model;
			sourceTree = "<group>";
		};
		14DDA7222DD7855E006B8442 /* ViewModel */ = {
			isa = PBXGroup;
			children = (
				14DDA7232DD785CF006B8442 /* ProfileFormModel.swift */,
				1481CF3A2DDB9014001A1CAA /* SignInFormModel.swift */,
				1481CF3C2DDB9164001A1CAA /* SignUpFormModel.swift */,
				147A5E6E2DEC6A1A0061522F /* NewTaskViewModel.swift */,
			);
			path = ViewModel;
			sourceTree = "<group>";
		};
/* End PBXGroup section */

/* Begin PBXNativeTarget section */
		14A75BF32DC8CCA50014CB23 /* DayTask */ = {
			isa = PBXNativeTarget;
			buildConfigurationList = 14A75C022DC8CCA80014CB23 /* Build configuration list for PBXNativeTarget "DayTask" */;
			buildPhases = (
				14A75BF02DC8CCA50014CB23 /* Sources */,
				14A75BF12DC8CCA50014CB23 /* Frameworks */,
				14A75BF22DC8CCA50014CB23 /* Resources */,
			);
			buildRules = (
			);
			dependencies = (
			);
			name = DayTask;
			packageProductDependencies = (
			);
			productName = DayTask;
			productReference = 14A75BF42DC8CCA50014CB23 /* DayTask.app */;
			productType = "com.apple.product-type.application";
		};
/* End PBXNativeTarget section */

/* Begin PBXProject section */
		14A75BEC2DC8CCA50014CB23 /* Project object */ = {
			isa = PBXProject;
			attributes = {
				BuildIndependentTargetsInParallel = 1;
				LastSwiftUpdateCheck = 1520;
				LastUpgradeCheck = 1520;
				TargetAttributes = {
					14A75BF32DC8CCA50014CB23 = {
						CreatedOnToolsVersion = 15.2;
					};
				};
			};
			buildConfigurationList = 14A75BEF2DC8CCA50014CB23 /* Build configuration list for PBXProject "DayTask" */;
			compatibilityVersion = "Xcode 14.0";
			developmentRegion = en;
			hasScannedForEncodings = 0;
			knownRegions = (
				en,
				Base,
			);
			mainGroup = 14A75BEB2DC8CCA50014CB23;
			packageReferences = (
			);
			productRefGroup = 14A75BF52DC8CCA50014CB23 /* Products */;
			projectDirPath = "";
			projectRoot = "";
			targets = (
				14A75BF32DC8CCA50014CB23 /* DayTask */,
			);
		};
/* End PBXProject section */

/* Begin PBXResourcesBuildPhase section */
		14A75BF22DC8CCA50014CB23 /* Resources */ = {
			isa = PBXResourcesBuildPhase;
			buildActionMask = 2147483647;
			files = (
				14A75C0F2DC8E6EC0014CB23 /* PilatExtended-Bold.ttf in Resources */,
				14A75BFF2DC8CCA80014CB23 /* Preview Assets.xcassets in Resources */,
				14A75BFC2DC8CCA80014CB23 /* Assets.xcassets in Resources */,
				14A75C0A2DC8E3170014CB23 /* Inter-Regular.ttf in Resources */,
				1456EB862DF556870014182C /* GoogleService-Info.plist in Resources */,
				14A75C0C2DC8E3380014CB23 /* Inter-Bold.ttf in Resources */,
			);
			runOnlyForDeploymentPostprocessing = 0;
		};
/* End PBXResourcesBuildPhase section */

/* Begin PBXSourcesBuildPhase section */
		14A75BF02DC8CCA50014CB23 /* Sources */ = {
			isa = PBXSourcesBuildPhase;
			buildActionMask = 2147483647;
			files = (
				14AEE5D22DD1EE2100720572 /* MessagesView.swift in Sources */,
				14606EEE2DD9E56D00FCDE00 /* MainView.swift in Sources */,
				14DDA7242DD785CF006B8442 /* ProfileFormModel.swift in Sources */,
				14AEE5E52DD36A7400720572 /* Group.swift in Sources */,
				1435F91B2DCA062200FC012D /* FontSizeWithWeight.swift in Sources */,
				1482F9AA2DE4ED2F003419CB /* Task.swift in Sources */,
				14AEE5D62DD1F86900720572 /* MessageView.swift in Sources */,
				1435F91D2DCA067500FC012D /* FontWithLineHeight.swift in Sources */,
				1458D8CD2DD5E0FD00CD4A48 /* NewTask.swift in Sources */,
				144C2C232DF3311C00E604C3 /* OffsetKey.swift in Sources */,
				14A75C062DC8D4370014CB23 /* Splash.swift in Sources */,
				1458D8D52DD617CD00CD4A48 /* NotificationModel.swift in Sources */,
				1481CF392DDB6BED001A1CAA /* ContentView.swift in Sources */,
				1475F2CA2DE5EBA900F101CA /* ChatPerson.swift in Sources */,
				1435F9212DCA406300FC012D /* CheckBoxView.swift in Sources */,
				14AEE5D92DD1FE0400720572 /* Message.swift in Sources */,
				1435F9232DCA42D800FC012D /* RadioBoxView.swift in Sources */,
				14D763782DEF50E300AD1E2B /* DateExt.swift in Sources */,
				14A75C142DC90B4D0014CB23 /* Signin.swift in Sources */,
				1482F9AE2DE4F53F003419CB /* TaskToDo.swift in Sources */,
				14AEE5E32DD369A500720572 /* MessageGroups.swift in Sources */,
				142DEAA12DDD0F1800BDE65A /* TabButtons.swift in Sources */,
				1435F91F2DCA24BB00FC012D /* Signup.swift in Sources */,
				14A75C122DC902C80014CB23 /* Logo.swift in Sources */,
				1458D8CF2DD5E1CD00CD4A48 /* NewTasKModel.swift in Sources */,
				1481CF3B2DDB9014001A1CAA /* SignInFormModel.swift in Sources */,
				14AEE5DB2DD209E800720572 /* ChatView.swift in Sources */,
				1471685B2DCCA06B00C94582 /* FontFamily.swift in Sources */,
				1458D8D32DD6175500CD4A48 /* Notification.swift in Sources */,
				1435F9252DCA5A7800FC012D /* HomeView.swift in Sources */,
				14A75BF82DC8CCA50014CB23 /* DayTaskApp.swift in Sources */,
				14AEE5E12DD218A900720572 /* ChatItemView.swift in Sources */,
				14AEE5DF2DD2145200720572 /* Chat.swift in Sources */,
				14DDA71F2DD74A07006B8442 /* ProfileView.swift in Sources */,
				1482F9AC2DE4EDB1003419CB /* TeamMember.swift in Sources */,
				14A75C192DC941930014CB23 /* ButtonView.swift in Sources */,
				147A5E6F2DEC6A1A0061522F /* NewTaskViewModel.swift in Sources */,
				14C5F05A2DD0E89B001FB690 /* TaskDetail.swift in Sources */,
				1440C48F2DE64D5F00F35B64 /* PreviewData.swift in Sources */,
				144C2C212DF318D100E604C3 /* ViewExt.swift in Sources */,
				14C5F05C2DD0F5B2001FB690 /* CircularProgressView.swift in Sources */,
				14AEE5E72DD37F3600720572 /* ScheduleView.swift in Sources */,
				1481CF372DDB671A001A1CAA /* UserDefaults.swift in Sources */,
				14AEE5D42DD1EF4600720572 /* MsgButton.swift in Sources */,
				1458D8D12DD6141B00CD4A48 /* NotificationView.swift in Sources */,
				14AEE5EB2DD3B72F00720572 /* TaskForDay.swift in Sources */,
				1481CF3D2DDB9164001A1CAA /* SignUpFormModel.swift in Sources */,
			);
			runOnlyForDeploymentPostprocessing = 0;
		};
/* End PBXSourcesBuildPhase section */

/* Begin XCBuildConfiguration section */
		14A75C002DC8CCA80014CB23 /* Debug */ = {
			isa = XCBuildConfiguration;
			buildSettings = {
				ALWAYS_SEARCH_USER_PATHS = NO;
				ASSETCATALOG_COMPILER_GENERATE_SWIFT_ASSET_SYMBOL_EXTENSIONS = YES;
				CLANG_ANALYZER_NONNULL = YES;
				CLANG_ANALYZER_NUMBER_OBJECT_CONVERSION = YES_AGGRESSIVE;
				CLANG_CXX_LANGUAGE_STANDARD = "gnu++20";
				CLANG_ENABLE_MODULES = YES;
				CLANG_ENABLE_OBJC_ARC = YES;
				CLANG_ENABLE_OBJC_WEAK = YES;
				CLANG_WARN_BLOCK_CAPTURE_AUTORELEASING = YES;
				CLANG_WARN_BOOL_CONVERSION = YES;
				CLANG_WARN_COMMA = YES;
				CLANG_WARN_CONSTANT_CONVERSION = YES;
				CLANG_WARN_DEPRECATED_OBJC_IMPLEMENTATIONS = YES;
				CLANG_WARN_DIRECT_OBJC_ISA_USAGE = YES_ERROR;
				CLANG_WARN_DOCUMENTATION_COMMENTS = YES;
				CLANG_WARN_EMPTY_BODY = YES;
				CLANG_WARN_ENUM_CONVERSION = YES;
				CLANG_WARN_INFINITE_RECURSION = YES;
				CLANG_WARN_INT_CONVERSION = YES;
				CLANG_WARN_NON_LITERAL_NULL_CONVERSION = YES;
				CLANG_WARN_OBJC_IMPLICIT_RETAIN_SELF = YES;
				CLANG_WARN_OBJC_LITERAL_CONVERSION = YES;
				CLANG_WARN_OBJC_ROOT_CLASS = YES_ERROR;
				CLANG_WARN_QUOTED_INCLUDE_IN_FRAMEWORK_HEADER = YES;
				CLANG_WARN_RANGE_LOOP_ANALYSIS = YES;
				CLANG_WARN_STRICT_PROTOTYPES = YES;
				CLANG_WARN_SUSPICIOUS_MOVE = YES;
				CLANG_WARN_UNGUARDED_AVAILABILITY = YES_AGGRESSIVE;
				CLANG_WARN_UNREACHABLE_CODE = YES;
				CLANG_WARN__DUPLICATE_METHOD_MATCH = YES;
				COPY_PHASE_STRIP = NO;
				DEBUG_INFORMATION_FORMAT = dwarf;
				ENABLE_STRICT_OBJC_MSGSEND = YES;
				ENABLE_TESTABILITY = YES;
				ENABLE_USER_SCRIPT_SANDBOXING = YES;
				GCC_C_LANGUAGE_STANDARD = gnu17;
				GCC_DYNAMIC_NO_PIC = NO;
				GCC_NO_COMMON_BLOCKS = YES;
				GCC_OPTIMIZATION_LEVEL = 0;
				GCC_PREPROCESSOR_DEFINITIONS = (
					"DEBUG=1",
					"$(inherited)",
				);
				GCC_WARN_64_TO_32_BIT_CONVERSION = YES;
				GCC_WARN_ABOUT_RETURN_TYPE = YES_ERROR;
				GCC_WARN_UNDECLARED_SELECTOR = YES;
				GCC_WARN_UNINITIALIZED_AUTOS = YES_AGGRESSIVE;
				GCC_WARN_UNUSED_FUNCTION = YES;
				GCC_WARN_UNUSED_VARIABLE = YES;
				IPHONEOS_DEPLOYMENT_TARGET = 17.2;
				LOCALIZATION_PREFERS_STRING_CATALOGS = YES;
				MTL_ENABLE_DEBUG_INFO = INCLUDE_SOURCE;
				MTL_FAST_MATH = YES;
				ONLY_ACTIVE_ARCH = YES;
				SDKROOT = iphoneos;
				SWIFT_ACTIVE_COMPILATION_CONDITIONS = "DEBUG $(inherited)";
				SWIFT_OPTIMIZATION_LEVEL = "-Onone";
			};
			name = Debug;
		};
		14A75C012DC8CCA80014CB23 /* Release */ = {
			isa = XCBuildConfiguration;
			buildSettings = {
				ALWAYS_SEARCH_USER_PATHS = NO;
				ASSETCATALOG_COMPILER_GENERATE_SWIFT_ASSET_SYMBOL_EXTENSIONS = YES;
				CLANG_ANALYZER_NONNULL = YES;
				CLANG_ANALYZER_NUMBER_OBJECT_CONVERSION = YES_AGGRESSIVE;
				CLANG_CXX_LANGUAGE_STANDARD = "gnu++20";
				CLANG_ENABLE_MODULES = YES;
				CLANG_ENABLE_OBJC_ARC = YES;
				CLANG_ENABLE_OBJC_WEAK = YES;
				CLANG_WARN_BLOCK_CAPTURE_AUTORELEASING = YES;
				CLANG_WARN_BOOL_CONVERSION = YES;
				CLANG_WARN_COMMA = YES;
				CLANG_WARN_CONSTANT_CONVERSION = YES;
				CLANG_WARN_DEPRECATED_OBJC_IMPLEMENTATIONS = YES;
				CLANG_WARN_DIRECT_OBJC_ISA_USAGE = YES_ERROR;
				CLANG_WARN_DOCUMENTATION_COMMENTS = YES;
				CLANG_WARN_EMPTY_BODY = YES;
				CLANG_WARN_ENUM_CONVERSION = YES;
				CLANG_WARN_INFINITE_RECURSION = YES;
				CLANG_WARN_INT_CONVERSION = YES;
				CLANG_WARN_NON_LITERAL_NULL_CONVERSION = YES;
				CLANG_WARN_OBJC_IMPLICIT_RETAIN_SELF = YES;
				CLANG_WARN_OBJC_LITERAL_CONVERSION = YES;
				CLANG_WARN_OBJC_ROOT_CLASS = YES_ERROR;
				CLANG_WARN_QUOTED_INCLUDE_IN_FRAMEWORK_HEADER = YES;
				CLANG_WARN_RANGE_LOOP_ANALYSIS = YES;
				CLANG_WARN_STRICT_PROTOTYPES = YES;
				CLANG_WARN_SUSPICIOUS_MOVE = YES;
				CLANG_WARN_UNGUARDED_AVAILABILITY = YES_AGGRESSIVE;
				CLANG_WARN_UNREACHABLE_CODE = YES;
				CLANG_WARN__DUPLICATE_METHOD_MATCH = YES;
				COPY_PHASE_STRIP = NO;
				DEBUG_INFORMATION_FORMAT = "dwarf-with-dsym";
				ENABLE_NS_ASSERTIONS = NO;
				ENABLE_STRICT_OBJC_MSGSEND = YES;
				ENABLE_USER_SCRIPT_SANDBOXING = YES;
				GCC_C_LANGUAGE_STANDARD = gnu17;
				GCC_NO_COMMON_BLOCKS = YES;
				GCC_WARN_64_TO_32_BIT_CONVERSION = YES;
				GCC_WARN_ABOUT_RETURN_TYPE = YES_ERROR;
				GCC_WARN_UNDECLARED_SELECTOR = YES;
				GCC_WARN_UNINITIALIZED_AUTOS = YES_AGGRESSIVE;
				GCC_WARN_UNUSED_FUNCTION = YES;
				GCC_WARN_UNUSED_VARIABLE = YES;
				IPHONEOS_DEPLOYMENT_TARGET = 17.2;
				LOCALIZATION_PREFERS_STRING_CATALOGS = YES;
				MTL_ENABLE_DEBUG_INFO = NO;
				MTL_FAST_MATH = YES;
				SDKROOT = iphoneos;
				SWIFT_COMPILATION_MODE = wholemodule;
				VALIDATE_PRODUCT = YES;
			};
			name = Release;
		};
		14A75C032DC8CCA80014CB23 /* Debug */ = {
			isa = XCBuildConfiguration;
			buildSettings = {
				ASSETCATALOG_COMPILER_APPICON_NAME = AppIcon;
				ASSETCATALOG_COMPILER_GLOBAL_ACCENT_COLOR_NAME = AccentColor;
				CODE_SIGN_STYLE = Automatic;
				CURRENT_PROJECT_VERSION = 1;
				DEVELOPMENT_ASSET_PATHS = "\"DayTask/Preview Content\"";
				ENABLE_PREVIEWS = YES;
				GENERATE_INFOPLIST_FILE = YES;
				INFOPLIST_FILE = DayTask/Info.plist;
				INFOPLIST_KEY_UIApplicationSceneManifest_Generation = YES;
				INFOPLIST_KEY_UIApplicationSupportsIndirectInputEvents = YES;
				INFOPLIST_KEY_UILaunchScreen_Generation = YES;
				INFOPLIST_KEY_UISupportedInterfaceOrientations_iPad = "UIInterfaceOrientationPortrait UIInterfaceOrientationPortraitUpsideDown UIInterfaceOrientationLandscapeLeft UIInterfaceOrientationLandscapeRight";
				INFOPLIST_KEY_UISupportedInterfaceOrientations_iPhone = "UIInterfaceOrientationPortrait UIInterfaceOrientationLandscapeLeft UIInterfaceOrientationLandscapeRight";
				LD_RUNPATH_SEARCH_PATHS = (
					"$(inherited)",
					"@executable_path/Frameworks",
				);
				MARKETING_VERSION = 1.0;
				PRODUCT_BUNDLE_IDENTIFIER = com.Emmanuel.DayTask;
				PRODUCT_NAME = "$(TARGET_NAME)";
				SWIFT_EMIT_LOC_STRINGS = YES;
				SWIFT_VERSION = 5.0;
				TARGETED_DEVICE_FAMILY = "1,2";
			};
			name = Debug;
		};
		14A75C042DC8CCA80014CB23 /* Release */ = {
			isa = XCBuildConfiguration;
			buildSettings = {
				ASSETCATALOG_COMPILER_APPICON_NAME = AppIcon;
				ASSETCATALOG_COMPILER_GLOBAL_ACCENT_COLOR_NAME = AccentColor;
				CODE_SIGN_STYLE = Automatic;
				CURRENT_PROJECT_VERSION = 1;
				DEVELOPMENT_ASSET_PATHS = "\"DayTask/Preview Content\"";
				ENABLE_PREVIEWS = YES;
				GENERATE_INFOPLIST_FILE = YES;
				INFOPLIST_FILE = DayTask/Info.plist;
				INFOPLIST_KEY_UIApplicationSceneManifest_Generation = YES;
				INFOPLIST_KEY_UIApplicationSupportsIndirectInputEvents = YES;
				INFOPLIST_KEY_UILaunchScreen_Generation = YES;
				INFOPLIST_KEY_UISupportedInterfaceOrientations_iPad = "UIInterfaceOrientationPortrait UIInterfaceOrientationPortraitUpsideDown UIInterfaceOrientationLandscapeLeft UIInterfaceOrientationLandscapeRight";
				INFOPLIST_KEY_UISupportedInterfaceOrientations_iPhone = "UIInterfaceOrientationPortrait UIInterfaceOrientationLandscapeLeft UIInterfaceOrientationLandscapeRight";
				LD_RUNPATH_SEARCH_PATHS = (
					"$(inherited)",
					"@executable_path/Frameworks",
				);
				MARKETING_VERSION = 1.0;
				PRODUCT_BUNDLE_IDENTIFIER = com.Emmanuel.DayTask;
				PRODUCT_NAME = "$(TARGET_NAME)";
				SWIFT_EMIT_LOC_STRINGS = YES;
				SWIFT_VERSION = 5.0;
				TARGETED_DEVICE_FAMILY = "1,2";
			};
			name = Release;
		};
/* End XCBuildConfiguration section */

/* Begin XCConfigurationList section */
		14A75BEF2DC8CCA50014CB23 /* Build configuration list for PBXProject "DayTask" */ = {
			isa = XCConfigurationList;
			buildConfigurations = (
				14A75C002DC8CCA80014CB23 /* Debug */,
				14A75C012DC8CCA80014CB23 /* Release */,
			);
			defaultConfigurationIsVisible = 0;
			defaultConfigurationName = Release;
		};
		14A75C022DC8CCA80014CB23 /* Build configuration list for PBXNativeTarget "DayTask" */ = {
			isa = XCConfigurationList;
			buildConfigurations = (
				14A75C032DC8CCA80014CB23 /* Debug */,
				14A75C042DC8CCA80014CB23 /* Release */,
			);
			defaultConfigurationIsVisible = 0;
			defaultConfigurationName = Release;
		};
/* End XCConfigurationList section */
	};
	rootObject = 14A75BEC2DC8CCA50014CB23 /* Project object */;
}
